
Microsoft Visual Studio Solution File, Format Version 12.00
# Visual Studio 15
VisualStudioVersion = 15.0.28010.2050
MinimumVisualStudioVersion = 10.0.40219.1
Project("{9A19103F-16F7-4668-BE54-9A1E7A4F7556}") = "Green Fox inheritance exercise", "Green Fox inheritance exercise.csproj", "{50738A74-FA42-4FA2-BA4E-3ECD26403686}"
EndProject
Global
	GlobalSection(SolutionConfigurationPlatforms) = preSolution
		Debug|Any CPU = Debug|Any CPU
		Release|Any CPU = Release|Any CPU
	EndGlobalSection
	GlobalSection(ProjectConfigurationPlatforms) = postSolution
		{50738A74-FA42-4FA2-BA4E-3ECD26403686}.Debug|Any CPU.ActiveCfg = Debug|Any CPU
		{50738A74-FA42-4FA2-BA4E-3ECD26403686}.Debug|Any CPU.Build.0 = Debug|Any CPU
		{50738A74-FA42-4FA2-BA4E-3ECD26403686}.Release|Any CPU.ActiveCfg = Release|Any CPU
		{50738A74-FA42-4FA2-BA4E-3ECD26403686}.Release|Any CPU.Build.0 = Release|Any CPU
	EndGlobalSection
	GlobalSection(SolutionProperties) = preSolution
		HideSolutionNode = FALSE
	EndGlobalSection
	GlobalSection(ExtensibilityGlobals) = postSolution
		SolutionGuid = {606411B4-3B90-4B7C-A787-4FFA797F6505}
	EndGlobalSection
EndGlobal
