
Microsoft Visual Studio Solution File, Format Version 12.00
# Visual Studio 15
VisualStudioVersion = 15.0.28307.102
MinimumVisualStudioVersion = 10.0.40219.1
Project("{FAE04EC0-301F-11D3-BF4B-00C04F79EFBC}") = "day03-workshop", "day03-workshop\day03-workshop.csproj", "{E6E93A4D-76C7-4A2A-8C0A-AEE06425004B}"
EndProject
Global
	GlobalSection(SolutionConfigurationPlatforms) = preSolution
		Debug|Any CPU = Debug|Any CPU
		Release|Any CPU = Release|Any CPU
	EndGlobalSection
	GlobalSection(ProjectConfigurationPlatforms) = postSolution
		{E6E93A4D-76C7-4A2A-8C0A-AEE06425004B}.Debug|Any CPU.ActiveCfg = Debug|Any CPU
		{E6E93A4D-76C7-4A2A-8C0A-AEE06425004B}.Debug|Any CPU.Build.0 = Debug|Any CPU
		{E6E93A4D-76C7-4A2A-8C0A-AEE06425004B}.Release|Any CPU.ActiveCfg = Release|Any CPU
		{E6E93A4D-76C7-4A2A-8C0A-AEE06425004B}.Release|Any CPU.Build.0 = Release|Any CPU
	EndGlobalSection
	GlobalSection(SolutionProperties) = preSolution
		HideSolutionNode = FALSE
	EndGlobalSection
	GlobalSection(ExtensibilityGlobals) = postSolution
		SolutionGuid = {CD62EC09-760E-4E5A-BB8A-35556371E861}
	EndGlobalSection
EndGlobal
