
Microsoft Visual Studio Solution File, Format Version 12.00
# Visual Studio 15
VisualStudioVersion = 15.0.28307.102
MinimumVisualStudioVersion = 10.0.40219.1
Project("{FAE04EC0-301F-11D3-BF4B-00C04F79EFBC}") = "workshop", "workshop\workshop.csproj", "{9AFD006B-91FD-4DA9-9147-7B5572ADACDA}"
EndProject
Project("{FAE04EC0-301F-11D3-BF4B-00C04F79EFBC}") = "WorkshopTest", "AppleTest\WorkshopTest.csproj", "{BD9F8876-D192-4459-AA3B-BEEF8B61D1B3}"
EndProject
Global
	GlobalSection(SolutionConfigurationPlatforms) = preSolution
		Debug|Any CPU = Debug|Any CPU
		Release|Any CPU = Release|Any CPU
	EndGlobalSection
	GlobalSection(ProjectConfigurationPlatforms) = postSolution
		{9AFD006B-91FD-4DA9-9147-7B5572ADACDA}.Debug|Any CPU.ActiveCfg = Debug|Any CPU
		{9AFD006B-91FD-4DA9-9147-7B5572ADACDA}.Debug|Any CPU.Build.0 = Debug|Any CPU
		{9AFD006B-91FD-4DA9-9147-7B5572ADACDA}.Release|Any CPU.ActiveCfg = Release|Any CPU
		{9AFD006B-91FD-4DA9-9147-7B5572ADACDA}.Release|Any CPU.Build.0 = Release|Any CPU
		{BD9F8876-D192-4459-AA3B-BEEF8B61D1B3}.Debug|Any CPU.ActiveCfg = Debug|Any CPU
		{BD9F8876-D192-4459-AA3B-BEEF8B61D1B3}.Debug|Any CPU.Build.0 = Debug|Any CPU
		{BD9F8876-D192-4459-AA3B-BEEF8B61D1B3}.Release|Any CPU.ActiveCfg = Release|Any CPU
		{BD9F8876-D192-4459-AA3B-BEEF8B61D1B3}.Release|Any CPU.Build.0 = Release|Any CPU
	EndGlobalSection
	GlobalSection(SolutionProperties) = preSolution
		HideSolutionNode = FALSE
	EndGlobalSection
	GlobalSection(ExtensibilityGlobals) = postSolution
		SolutionGuid = {49C0FD7F-F861-413B-9F32-220E0569A8C0}
	EndGlobalSection
EndGlobal
