
Microsoft Visual Studio Solution File, Format Version 12.00
# Visual Studio 15
VisualStudioVersion = 15.0.28307.102
MinimumVisualStudioVersion = 10.0.40219.1
Project("{FAE04EC0-301F-11D3-BF4B-00C04F79EFBC}") = "Dispose Pattern", "Dispose Pattern\Dispose Pattern.csproj", "{9BD087D9-4080-44A3-B44D-93164E39B433}"
EndProject
Global
	GlobalSection(SolutionConfigurationPlatforms) = preSolution
		Debug|Any CPU = Debug|Any CPU
		Release|Any CPU = Release|Any CPU
	EndGlobalSection
	GlobalSection(ProjectConfigurationPlatforms) = postSolution
		{9BD087D9-4080-44A3-B44D-93164E39B433}.Debug|Any CPU.ActiveCfg = Debug|Any CPU
		{9BD087D9-4080-44A3-B44D-93164E39B433}.Debug|Any CPU.Build.0 = Debug|Any CPU
		{9BD087D9-4080-44A3-B44D-93164E39B433}.Release|Any CPU.ActiveCfg = Release|Any CPU
		{9BD087D9-4080-44A3-B44D-93164E39B433}.Release|Any CPU.Build.0 = Release|Any CPU
	EndGlobalSection
	GlobalSection(SolutionProperties) = preSolution
		HideSolutionNode = FALSE
	EndGlobalSection
	GlobalSection(ExtensibilityGlobals) = postSolution
		SolutionGuid = {60724E33-C31E-4F7A-B3A0-E4E44880FC91}
	EndGlobalSection
EndGlobal
