
Microsoft Visual Studio Solution File, Format Version 12.00
# Visual Studio 15
VisualStudioVersion = 15.0.28307.136
MinimumVisualStudioVersion = 10.0.40219.1
Project("{9A19103F-16F7-4668-BE54-9A1E7A4F7556}") = "RecipeStore", "RecipeStore\RecipeStore.csproj", "{22ED46E8-142E-4785-A56E-C0EA22E8689F}"
EndProject
Global
	GlobalSection(SolutionConfigurationPlatforms) = preSolution
		Debug|Any CPU = Debug|Any CPU
		Release|Any CPU = Release|Any CPU
	EndGlobalSection
	GlobalSection(ProjectConfigurationPlatforms) = postSolution
		{22ED46E8-142E-4785-A56E-C0EA22E8689F}.Debug|Any CPU.ActiveCfg = Debug|Any CPU
		{22ED46E8-142E-4785-A56E-C0EA22E8689F}.Debug|Any CPU.Build.0 = Debug|Any CPU
		{22ED46E8-142E-4785-A56E-C0EA22E8689F}.Release|Any CPU.ActiveCfg = Release|Any CPU
		{22ED46E8-142E-4785-A56E-C0EA22E8689F}.Release|Any CPU.Build.0 = Release|Any CPU
	EndGlobalSection
	GlobalSection(SolutionProperties) = preSolution
		HideSolutionNode = FALSE
	EndGlobalSection
	GlobalSection(ExtensibilityGlobals) = postSolution
		SolutionGuid = {84268D29-7DBA-4B82-BB44-875F301996DF}
	EndGlobalSection
EndGlobal
