
Microsoft Visual Studio Solution File, Format Version 12.00
# Visual Studio 15
VisualStudioVersion = 15.0.28307.102
MinimumVisualStudioVersion = 10.0.40219.1
Project("{FAE04EC0-301F-11D3-BF4B-00C04F79EFBC}") = "day-03-workshop", "day-03-workshop\day-03-workshop.csproj", "{89D2E7FE-3B5D-4042-9ED6-FAB5A3068575}"
EndProject
Global
	GlobalSection(SolutionConfigurationPlatforms) = preSolution
		Debug|Any CPU = Debug|Any CPU
		Release|Any CPU = Release|Any CPU
	EndGlobalSection
	GlobalSection(ProjectConfigurationPlatforms) = postSolution
		{89D2E7FE-3B5D-4042-9ED6-FAB5A3068575}.Debug|Any CPU.ActiveCfg = Debug|Any CPU
		{89D2E7FE-3B5D-4042-9ED6-FAB5A3068575}.Debug|Any CPU.Build.0 = Debug|Any CPU
		{89D2E7FE-3B5D-4042-9ED6-FAB5A3068575}.Release|Any CPU.ActiveCfg = Release|Any CPU
		{89D2E7FE-3B5D-4042-9ED6-FAB5A3068575}.Release|Any CPU.Build.0 = Release|Any CPU
	EndGlobalSection
	GlobalSection(SolutionProperties) = preSolution
		HideSolutionNode = FALSE
	EndGlobalSection
	GlobalSection(ExtensibilityGlobals) = postSolution
		SolutionGuid = {C5EFDF84-366C-480D-A4C9-E3DA4DD529D6}
	EndGlobalSection
EndGlobal
