
Microsoft Visual Studio Solution File, Format Version 12.00
# Visual Studio 15
VisualStudioVersion = 15.0.28307.136
MinimumVisualStudioVersion = 10.0.40219.1
Project("{FAE04EC0-301F-11D3-BF4B-00C04F79EFBC}") = "WarehouseApp", "WarehouseApp\WarehouseApp.csproj", "{2C5E5096-86E8-460C-B931-8F23542F2510}"
EndProject
Global
	GlobalSection(SolutionConfigurationPlatforms) = preSolution
		Debug|Any CPU = Debug|Any CPU
		Release|Any CPU = Release|Any CPU
	EndGlobalSection
	GlobalSection(ProjectConfigurationPlatforms) = postSolution
		{2C5E5096-86E8-460C-B931-8F23542F2510}.Debug|Any CPU.ActiveCfg = Debug|Any CPU
		{2C5E5096-86E8-460C-B931-8F23542F2510}.Debug|Any CPU.Build.0 = Debug|Any CPU
		{2C5E5096-86E8-460C-B931-8F23542F2510}.Release|Any CPU.ActiveCfg = Release|Any CPU
		{2C5E5096-86E8-460C-B931-8F23542F2510}.Release|Any CPU.Build.0 = Release|Any CPU
	EndGlobalSection
	GlobalSection(SolutionProperties) = preSolution
		HideSolutionNode = FALSE
	EndGlobalSection
	GlobalSection(ExtensibilityGlobals) = postSolution
		SolutionGuid = {5EFA6DF6-2D60-4D0F-B9B3-1F25AB2123DE}
	EndGlobalSection
EndGlobal
