
Microsoft Visual Studio Solution File, Format Version 12.00
# Visual Studio 15
VisualStudioVersion = 15.0.28010.2050
MinimumVisualStudioVersion = 10.0.40219.1
Project("{FAE04EC0-301F-11D3-BF4B-00C04F79EFBC}") = "Lecture_day_05", "Workshop_day_05\Lecture_day_05.csproj", "{1DE40169-AA51-46C1-BEE6-BCC6ACB5A088}"
EndProject
Global
	GlobalSection(SolutionConfigurationPlatforms) = preSolution
		Debug|Any CPU = Debug|Any CPU
		Release|Any CPU = Release|Any CPU
	EndGlobalSection
	GlobalSection(ProjectConfigurationPlatforms) = postSolution
		{1DE40169-AA51-46C1-BEE6-BCC6ACB5A088}.Debug|Any CPU.ActiveCfg = Debug|Any CPU
		{1DE40169-AA51-46C1-BEE6-BCC6ACB5A088}.Debug|Any CPU.Build.0 = Debug|Any CPU
		{1DE40169-AA51-46C1-BEE6-BCC6ACB5A088}.Release|Any CPU.ActiveCfg = Release|Any CPU
		{1DE40169-AA51-46C1-BEE6-BCC6ACB5A088}.Release|Any CPU.Build.0 = Release|Any CPU
	EndGlobalSection
	GlobalSection(SolutionProperties) = preSolution
		HideSolutionNode = FALSE
	EndGlobalSection
	GlobalSection(ExtensibilityGlobals) = postSolution
		SolutionGuid = {31799219-D343-4B1F-8939-1BA113931253}
	EndGlobalSection
EndGlobal
