
Microsoft Visual Studio Solution File, Format Version 12.00
# Visual Studio 15
VisualStudioVersion = 15.0.28010.2050
MinimumVisualStudioVersion = 10.0.40219.1
Project("{FAE04EC0-301F-11D3-BF4B-00C04F79EFBC}") = "week02_day03", "week02_day03\week02_day03.csproj", "{441758AD-9929-4505-B096-6B98E0E668D4}"
EndProject
Global
	GlobalSection(SolutionConfigurationPlatforms) = preSolution
		Debug|Any CPU = Debug|Any CPU
		Release|Any CPU = Release|Any CPU
	EndGlobalSection
	GlobalSection(ProjectConfigurationPlatforms) = postSolution
		{441758AD-9929-4505-B096-6B98E0E668D4}.Debug|Any CPU.ActiveCfg = Debug|Any CPU
		{441758AD-9929-4505-B096-6B98E0E668D4}.Debug|Any CPU.Build.0 = Debug|Any CPU
		{441758AD-9929-4505-B096-6B98E0E668D4}.Release|Any CPU.ActiveCfg = Release|Any CPU
		{441758AD-9929-4505-B096-6B98E0E668D4}.Release|Any CPU.Build.0 = Release|Any CPU
	EndGlobalSection
	GlobalSection(SolutionProperties) = preSolution
		HideSolutionNode = FALSE
	EndGlobalSection
	GlobalSection(ExtensibilityGlobals) = postSolution
		SolutionGuid = {80440DCD-4D4F-41C4-9420-D19EA2146F4C}
	EndGlobalSection
EndGlobal
