
Microsoft Visual Studio Solution File, Format Version 12.00
# Visual Studio 15
VisualStudioVersion = 15.0.28307.102
MinimumVisualStudioVersion = 10.0.40219.1
Project("{9A19103F-16F7-4668-BE54-9A1E7A4F7556}") = "SayHelloToTheWorld", "SayHelloToTheWorld.csproj", "{590B8DD1-7D29-4649-9687-24E5ADFEFF8E}"
EndProject
Global
	GlobalSection(SolutionConfigurationPlatforms) = preSolution
		Debug|Any CPU = Debug|Any CPU
		Release|Any CPU = Release|Any CPU
	EndGlobalSection
	GlobalSection(ProjectConfigurationPlatforms) = postSolution
		{590B8DD1-7D29-4649-9687-24E5ADFEFF8E}.Debug|Any CPU.ActiveCfg = Debug|Any CPU
		{590B8DD1-7D29-4649-9687-24E5ADFEFF8E}.Debug|Any CPU.Build.0 = Debug|Any CPU
		{590B8DD1-7D29-4649-9687-24E5ADFEFF8E}.Release|Any CPU.ActiveCfg = Release|Any CPU
		{590B8DD1-7D29-4649-9687-24E5ADFEFF8E}.Release|Any CPU.Build.0 = Release|Any CPU
	EndGlobalSection
	GlobalSection(SolutionProperties) = preSolution
		HideSolutionNode = FALSE
	EndGlobalSection
	GlobalSection(ExtensibilityGlobals) = postSolution
		SolutionGuid = {7B4C410C-334F-4259-BBCB-67EA0072EA58}
	EndGlobalSection
EndGlobal
